<?xml version="1.0" encoding="utf-8"?>
<Project ToolsVersion="4.0" xmlns="http://schemas.microsoft.com/developer/msbuild/2003">
  <ItemGroup>
    <Filter Include="Resource Files">
      <UniqueIdentifier>{67DA6AB6-F800-4c08-8B7A-83BB121AAD01}</UniqueIdentifier>
      <Extensions>qrc;rc;ico;cur;bmp;dlg;rc2;rct;bin;rgs;gif;jpg;jpeg;jpe;resx;tiff;tif;png;wav;mfcribbon-ms</Extensions>
    </Filter>
    <Filter Include="Source">
      <UniqueIdentifier>{76e9ffba-2364-4e2a-bbca-8ce0a7bc2b51}</UniqueIdentifier>
    </Filter>
    <Filter Include="UI">
      <UniqueIdentifier>{3bd9b145-052d-4d27-8471-33bb55cdbfb7}</UniqueIdentifier>
    </Filter>
    <Filter Include="Source\MyControlPanel">
      <UniqueIdentifier>{72ed9fa9-f407-4b29-a30a-9eac93016f67}</UniqueIdentifier>
    </Filter>
  </ItemGroup>
  <ItemGroup>
    <Image Include="..\Resource\MyControlPanel.ico">
      <Filter>Resource Files</Filter>
    </Image>
  </ItemGroup>
  <ItemGroup>
    <QtRcc Include="..\Resource\MyControlPanel.qrc">
      <Filter>Resource Files</Filter>
    </QtRcc>
  </ItemGroup>
  <ItemGroup>
    <ResourceCompile Include="..\Resource\MyControlPanel.rc">
      <Filter>Resource Files</Filter>
    </ResourceCompile>
  </ItemGroup>
  <ItemGroup>
    <ClCompile Include="..\Source\main.cpp">
      <Filter>Source</Filter>
    </ClCompile>
    <ClCompile Include="..\Source\MyControlPanel\MyControlPanel.cpp">
      <Filter>Source\MyControlPanel</Filter>
    </ClCompile>
  </ItemGroup>
  <ItemGroup>
    <QtUic Include="..\UI\MyControlPanel.ui">
      <Filter>UI</Filter>
    </QtUic>
  </ItemGroup>
  <ItemGroup>
    <QtMoc Include="..\Source\MyControlPanel\MyControlPanel.h">
      <Filter>Source\MyControlPanel</Filter>
    </QtMoc>
  </ItemGroup>
</Project>